
Microsoft Visual Studio Solution File, Format Version 12.00
# Visual Studio Version 17
VisualStudioVersion = 17.8.34525.116
MinimumVisualStudioVersion = 10.0.40219.1
Project("{FAE04EC0-301F-11D3-BF4B-00C04F79EFBC}") = "Oberfläche", "Oberfläche\Oberfläche.csproj", "{003A72D3-4DE0-463F-990D-49D2613EB11D}"
EndProject
Global
	GlobalSection(SolutionConfigurationPlatforms) = preSolution
		Debug|Any CPU = Debug|Any CPU
		Release|Any CPU = Release|Any CPU
	EndGlobalSection
	GlobalSection(ProjectConfigurationPlatforms) = postSolution
		{003A72D3-4DE0-463F-990D-49D2613EB11D}.Debug|Any CPU.ActiveCfg = Debug|Any CPU
		{003A72D3-4DE0-463F-990D-49D2613EB11D}.Debug|Any CPU.Build.0 = Debug|Any CPU
		{003A72D3-4DE0-463F-990D-49D2613EB11D}.Release|Any CPU.ActiveCfg = Release|Any CPU
		{003A72D3-4DE0-463F-990D-49D2613EB11D}.Release|Any CPU.Build.0 = Release|Any CPU
	EndGlobalSection
	GlobalSection(SolutionProperties) = preSolution
		HideSolutionNode = FALSE
	EndGlobalSection
	GlobalSection(ExtensibilityGlobals) = postSolution
		SolutionGuid = {69A3AACA-F7FA-425E-B9E1-6ACC5B648A51}
	EndGlobalSection
EndGlobal
